// !$*UTF8*$!
{
	archiveVersion = 1;
	classes = {
	};
	objectVersion = 50;
	objects = {

/* Begin PBXBuildFile section */
		22955A9A218CC7650017A915 /* ProfileCreateViewController.swift in Sources */ = {isa = PBXBuildFile; fileRef = 22955A99218CC7650017A915 /* ProfileCreateViewController.swift */; };
		22955A9D218CC94A0017A915 /* Profile+CoreDataClass.swift in Sources */ = {isa = PBXBuildFile; fileRef = 22955A9B218CC94A0017A915 /* Profile+CoreDataClass.swift */; };
		22955A9E218CC94A0017A915 /* Profile+CoreDataProperties.swift in Sources */ = {isa = PBXBuildFile; fileRef = 22955A9C218CC94A0017A915 /* Profile+CoreDataProperties.swift */; };
		22A8129E218CBB1E007CEAF1 /* AppDelegate.swift in Sources */ = {isa = PBXBuildFile; fileRef = 22A8129D218CBB1E007CEAF1 /* AppDelegate.swift */; };
		22A812A3218CBB1E007CEAF1 /* Main.storyboard in Resources */ = {isa = PBXBuildFile; fileRef = 22A812A1218CBB1E007CEAF1 /* Main.storyboard */; };
		22A812A6218CBB1E007CEAF1 /* DNDprofiler.xcdatamodeld in Sources */ = {isa = PBXBuildFile; fileRef = 22A812A4218CBB1E007CEAF1 /* DNDprofiler.xcdatamodeld */; };
		22A812A8218CBB1F007CEAF1 /* Assets.xcassets in Resources */ = {isa = PBXBuildFile; fileRef = 22A812A7218CBB1F007CEAF1 /* Assets.xcassets */; };
		22A812AB218CBB1F007CEAF1 /* LaunchScreen.storyboard in Resources */ = {isa = PBXBuildFile; fileRef = 22A812A9218CBB1F007CEAF1 /* LaunchScreen.storyboard */; };
		22A812B6218CBB1F007CEAF1 /* DNDprofilerTests.swift in Sources */ = {isa = PBXBuildFile; fileRef = 22A812B5218CBB1F007CEAF1 /* DNDprofilerTests.swift */; };
		22A812C1218CBB1F007CEAF1 /* DNDprofilerUITests.swift in Sources */ = {isa = PBXBuildFile; fileRef = 22A812C0218CBB1F007CEAF1 /* DNDprofilerUITests.swift */; };
		22A812CF218CBBA7007CEAF1 /* ProfileManagerViewController.swift in Sources */ = {isa = PBXBuildFile; fileRef = 22A812CE218CBBA7007CEAF1 /* ProfileManagerViewController.swift */; };
/* End PBXBuildFile section */

/* Begin PBXContainerItemProxy section */
		22A812B2218CBB1F007CEAF1 /* PBXContainerItemProxy */ = {
			isa = PBXContainerItemProxy;
			containerPortal = 22A81292218CBB1E007CEAF1 /* Project object */;
			proxyType = 1;
			remoteGlobalIDString = 22A81299218CBB1E007CEAF1;
			remoteInfo = DNDprofiler;
		};
		22A812BD218CBB1F007CEAF1 /* PBXContainerItemProxy */ = {
			isa = PBXContainerItemProxy;
			containerPortal = 22A81292218CBB1E007CEAF1 /* Project object */;
			proxyType = 1;
			remoteGlobalIDString = 22A81299218CBB1E007CEAF1;
			remoteInfo = DNDprofiler;
		};
/* End PBXContainerItemProxy section */

/* Begin PBXFileReference section */
		22955A99218CC7650017A915 /* ProfileCreateViewController.swift */ = {isa = PBXFileReference; lastKnownFileType = sourcecode.swift; path = ProfileCreateViewController.swift; sourceTree = "<group>"; };
		22955A9B218CC94A0017A915 /* Profile+CoreDataClass.swift */ = {isa = PBXFileReference; lastKnownFileType = sourcecode.swift; path = "Profile+CoreDataClass.swift"; sourceTree = "<group>"; };
		22955A9C218CC94A0017A915 /* Profile+CoreDataProperties.swift */ = {isa = PBXFileReference; lastKnownFileType = sourcecode.swift; path = "Profile+CoreDataProperties.swift"; sourceTree = "<group>"; };
		22A8129A218CBB1E007CEAF1 /* DNDprofiler.app */ = {isa = PBXFileReference; explicitFileType = wrapper.application; includeInIndex = 0; path = DNDprofiler.app; sourceTree = BUILT_PRODUCTS_DIR; };
		22A8129D218CBB1E007CEAF1 /* AppDelegate.swift */ = {isa = PBXFileReference; lastKnownFileType = sourcecode.swift; path = AppDelegate.swift; sourceTree = "<group>"; };
		22A812A2218CBB1E007CEAF1 /* Base */ = {isa = PBXFileReference; lastKnownFileType = file.storyboard; name = Base; path = Base.lproj/Main.storyboard; sourceTree = "<group>"; };
		22A812A5218CBB1E007CEAF1 /* DNDprofiler.xcdatamodel */ = {isa = PBXFileReference; lastKnownFileType = wrapper.xcdatamodel; path = DNDprofiler.xcdatamodel; sourceTree = "<group>"; };
		22A812A7218CBB1F007CEAF1 /* Assets.xcassets */ = {isa = PBXFileReference; lastKnownFileType = folder.assetcatalog; path = Assets.xcassets; sourceTree = "<group>"; };
		22A812AA218CBB1F007CEAF1 /* Base */ = {isa = PBXFileReference; lastKnownFileType = file.storyboard; name = Base; path = Base.lproj/LaunchScreen.storyboard; sourceTree = "<group>"; };
		22A812AC218CBB1F007CEAF1 /* Info.plist */ = {isa = PBXFileReference; lastKnownFileType = text.plist.xml; path = Info.plist; sourceTree = "<group>"; };
		22A812B1218CBB1F007CEAF1 /* DNDprofilerTests.xctest */ = {isa = PBXFileReference; explicitFileType = wrapper.cfbundle; includeInIndex = 0; path = DNDprofilerTests.xctest; sourceTree = BUILT_PRODUCTS_DIR; };
		22A812B5218CBB1F007CEAF1 /* DNDprofilerTests.swift */ = {isa = PBXFileReference; lastKnownFileType = sourcecode.swift; path = DNDprofilerTests.swift; sourceTree = "<group>"; };
		22A812B7218CBB1F007CEAF1 /* Info.plist */ = {isa = PBXFileReference; lastKnownFileType = text.plist.xml; path = Info.plist; sourceTree = "<group>"; };
		22A812BC218CBB1F007CEAF1 /* DNDprofilerUITests.xctest */ = {isa = PBXFileReference; explicitFileType = wrapper.cfbundle; includeInIndex = 0; path = DNDprofilerUITests.xctest; sourceTree = BUILT_PRODUCTS_DIR; };
		22A812C0218CBB1F007CEAF1 /* DNDprofilerUITests.swift */ = {isa = PBXFileReference; lastKnownFileType = sourcecode.swift; path = DNDprofilerUITests.swift; sourceTree = "<group>"; };
		22A812C2218CBB1F007CEAF1 /* Info.plist */ = {isa = PBXFileReference; lastKnownFileType = text.plist.xml; path = Info.plist; sourceTree = "<group>"; };
		22A812CE218CBBA7007CEAF1 /* ProfileManagerViewController.swift */ = {isa = PBXFileReference; lastKnownFileType = sourcecode.swift; path = ProfileManagerViewController.swift; sourceTree = "<group>"; };
/* End PBXFileReference section */

/* Begin PBXFrameworksBuildPhase section */
		22A81297218CBB1E007CEAF1 /* Frameworks */ = {
			isa = PBXFrameworksBuildPhase;
			buildActionMask = 2147483647;
			files = (
			);
			runOnlyForDeploymentPostprocessing = 0;
		};
		22A812AE218CBB1F007CEAF1 /* Frameworks */ = {
			isa = PBXFrameworksBuildPhase;
			buildActionMask = 2147483647;
			files = (
			);
			runOnlyForDeploymentPostprocessing = 0;
		};
		22A812B9218CBB1F007CEAF1 /* Frameworks */ = {
			isa = PBXFrameworksBuildPhase;
			buildActionMask = 2147483647;
			files = (
			);
			runOnlyForDeploymentPostprocessing = 0;
		};
/* End PBXFrameworksBuildPhase section */

/* Begin PBXGroup section */
		22A81291218CBB1E007CEAF1 = {
			isa = PBXGroup;
			children = (
				22A8129C218CBB1E007CEAF1 /* DNDprofiler */,
				22A812B4218CBB1F007CEAF1 /* DNDprofilerTests */,
				22A812BF218CBB1F007CEAF1 /* DNDprofilerUITests */,
				22A8129B218CBB1E007CEAF1 /* Products */,
			);
			sourceTree = "<group>";
		};
		22A8129B218CBB1E007CEAF1 /* Products */ = {
			isa = PBXGroup;
			children = (
				22A8129A218CBB1E007CEAF1 /* DNDprofiler.app */,
				22A812B1218CBB1F007CEAF1 /* DNDprofilerTests.xctest */,
				22A812BC218CBB1F007CEAF1 /* DNDprofilerUITests.xctest */,
			);
			name = Products;
			sourceTree = "<group>";
		};
		22A8129C218CBB1E007CEAF1 /* DNDprofiler */ = {
			isa = PBXGroup;
			children = (
				22955A9B218CC94A0017A915 /* Profile+CoreDataClass.swift */,
				22955A9C218CC94A0017A915 /* Profile+CoreDataProperties.swift */,
				22A8129D218CBB1E007CEAF1 /* AppDelegate.swift */,
				22A812CE218CBBA7007CEAF1 /* ProfileManagerViewController.swift */,
				22955A99218CC7650017A915 /* ProfileCreateViewController.swift */,
				22A812A1218CBB1E007CEAF1 /* Main.storyboard */,
				22A812A7218CBB1F007CEAF1 /* Assets.xcassets */,
				22A812A9218CBB1F007CEAF1 /* LaunchScreen.storyboard */,
				22A812AC218CBB1F007CEAF1 /* Info.plist */,
				22A812A4218CBB1E007CEAF1 /* DNDprofiler.xcdatamodeld */,
			);
			path = DNDprofiler;
			sourceTree = "<group>";
		};
		22A812B4218CBB1F007CEAF1 /* DNDprofilerTests */ = {
			isa = PBXGroup;
			children = (
				22A812B5218CBB1F007CEAF1 /* DNDprofilerTests.swift */,
				22A812B7218CBB1F007CEAF1 /* Info.plist */,
			);
			path = DNDprofilerTests;
			sourceTree = "<group>";
		};
		22A812BF218CBB1F007CEAF1 /* DNDprofilerUITests */ = {
			isa = PBXGroup;
			children = (
				22A812C0218CBB1F007CEAF1 /* DNDprofilerUITests.swift */,
				22A812C2218CBB1F007CEAF1 /* Info.plist */,
			);
			path = DNDprofilerUITests;
			sourceTree = "<group>";
		};
/* End PBXGroup section */

/* Begin PBXNativeTarget section */
		22A81299218CBB1E007CEAF1 /* DNDprofiler */ = {
			isa = PBXNativeTarget;
			buildConfigurationList = 22A812C5218CBB1F007CEAF1 /* Build configuration list for PBXNativeTarget "DNDprofiler" */;
			buildPhases = (
				22A81296218CBB1E007CEAF1 /* Sources */,
				22A81297218CBB1E007CEAF1 /* Frameworks */,
				22A81298218CBB1E007CEAF1 /* Resources */,
			);
			buildRules = (
			);
			dependencies = (
			);
			name = DNDprofiler;
			productName = DNDprofiler;
			productReference = 22A8129A218CBB1E007CEAF1 /* DNDprofiler.app */;
			productType = "com.apple.product-type.application";
		};
		22A812B0218CBB1F007CEAF1 /* DNDprofilerTests */ = {
			isa = PBXNativeTarget;
			buildConfigurationList = 22A812C8218CBB1F007CEAF1 /* Build configuration list for PBXNativeTarget "DNDprofilerTests" */;
			buildPhases = (
				22A812AD218CBB1F007CEAF1 /* Sources */,
				22A812AE218CBB1F007CEAF1 /* Frameworks */,
				22A812AF218CBB1F007CEAF1 /* Resources */,
			);
			buildRules = (
			);
			dependencies = (
				22A812B3218CBB1F007CEAF1 /* PBXTargetDependency */,
			);
			name = DNDprofilerTests;
			productName = DNDprofilerTests;
			productReference = 22A812B1218CBB1F007CEAF1 /* DNDprofilerTests.xctest */;
			productType = "com.apple.product-type.bundle.unit-test";
		};
		22A812BB218CBB1F007CEAF1 /* DNDprofilerUITests */ = {
			isa = PBXNativeTarget;
			buildConfigurationList = 22A812CB218CBB1F007CEAF1 /* Build configuration list for PBXNativeTarget "DNDprofilerUITests" */;
			buildPhases = (
				22A812B8218CBB1F007CEAF1 /* Sources */,
				22A812B9218CBB1F007CEAF1 /* Frameworks */,
				22A812BA218CBB1F007CEAF1 /* Resources */,
			);
			buildRules = (
			);
			dependencies = (
				22A812BE218CBB1F007CEAF1 /* PBXTargetDependency */,
			);
			name = DNDprofilerUITests;
			productName = DNDprofilerUITests;
			productReference = 22A812BC218CBB1F007CEAF1 /* DNDprofilerUITests.xctest */;
			productType = "com.apple.product-type.bundle.ui-testing";
		};
/* End PBXNativeTarget section */

/* Begin PBXProject section */
		22A81292218CBB1E007CEAF1 /* Project object */ = {
			isa = PBXProject;
			attributes = {
				LastSwiftUpdateCheck = 0940;
				LastUpgradeCheck = 0940;
				ORGANIZATIONNAME = Sam;
				TargetAttributes = {
					22A81299218CBB1E007CEAF1 = {
						CreatedOnToolsVersion = 9.4.1;
					};
					22A812B0218CBB1F007CEAF1 = {
						CreatedOnToolsVersion = 9.4.1;
						TestTargetID = 22A81299218CBB1E007CEAF1;
					};
					22A812BB218CBB1F007CEAF1 = {
						CreatedOnToolsVersion = 9.4.1;
						TestTargetID = 22A81299218CBB1E007CEAF1;
					};
				};
			};
			buildConfigurationList = 22A81295218CBB1E007CEAF1 /* Build configuration list for PBXProject "DNDprofiler" */;
			compatibilityVersion = "Xcode 9.3";
			developmentRegion = en;
			hasScannedForEncodings = 0;
			knownRegions = (
				en,
				Base,
			);
			mainGroup = 22A81291218CBB1E007CEAF1;
			productRefGroup = 22A8129B218CBB1E007CEAF1 /* Products */;
			projectDirPath = "";
			projectRoot = "";
			targets = (
				22A81299218CBB1E007CEAF1 /* DNDprofiler */,
				22A812B0218CBB1F007CEAF1 /* DNDprofilerTests */,
				22A812BB218CBB1F007CEAF1 /* DNDprofilerUITests */,
			);
		};
/* End PBXProject section */

/* Begin PBXResourcesBuildPhase section */
		22A81298218CBB1E007CEAF1 /* Resources */ = {
			isa = PBXResourcesBuildPhase;
			buildActionMask = 2147483647;
			files = (
				22A812AB218CBB1F007CEAF1 /* LaunchScreen.storyboard in Resources */,
				22A812A8218CBB1F007CEAF1 /* Assets.xcassets in Resources */,
				22A812A3218CBB1E007CEAF1 /* Main.storyboard in Resources */,
			);
			runOnlyForDeploymentPostprocessing = 0;
		};
		22A812AF218CBB1F007CEAF1 /* Resources */ = {
			isa = PBXResourcesBuildPhase;
			buildActionMask = 2147483647;
			files = (
			);
			runOnlyForDeploymentPostprocessing = 0;
		};
		22A812BA218CBB1F007CEAF1 /* Resources */ = {
			isa = PBXResourcesBuildPhase;
			buildActionMask = 2147483647;
			files = (
			);
			runOnlyForDeploymentPostprocessing = 0;
		};
/* End PBXResourcesBuildPhase section */

/* Begin PBXSourcesBuildPhase section */
		22A81296218CBB1E007CEAF1 /* Sources */ = {
			isa = PBXSourcesBuildPhase;
			buildActionMask = 2147483647;
			files = (
				22955A9A218CC7650017A915 /* ProfileCreateViewController.swift in Sources */,
				22955A9D218CC94A0017A915 /* Profile+CoreDataClass.swift in Sources */,
				22A812A6218CBB1E007CEAF1 /* DNDprofiler.xcdatamodeld in Sources */,
				22A8129E218CBB1E007CEAF1 /* AppDelegate.swift in Sources */,
				22955A9E218CC94A0017A915 /* Profile+CoreDataProperties.swift in Sources */,
				22A812CF218CBBA7007CEAF1 /* ProfileManagerViewController.swift in Sources */,
			);
			runOnlyForDeploymentPostprocessing = 0;
		};
		22A812AD218CBB1F007CEAF1 /* Sources */ = {
			isa = PBXSourcesBuildPhase;
			buildActionMask = 2147483647;
			files = (
				22A812B6218CBB1F007CEAF1 /* DNDprofilerTests.swift in Sources */,
			);
			runOnlyForDeploymentPostprocessing = 0;
		};
		22A812B8218CBB1F007CEAF1 /* Sources */ = {
			isa = PBXSourcesBuildPhase;
			buildActionMask = 2147483647;
			files = (
				22A812C1218CBB1F007CEAF1 /* DNDprofilerUITests.swift in Sources */,
			);
			runOnlyForDeploymentPostprocessing = 0;
		};
/* End PBXSourcesBuildPhase section */

/* Begin PBXTargetDependency section */
		22A812B3218CBB1F007CEAF1 /* PBXTargetDependency */ = {
			isa = PBXTargetDependency;
			target = 22A81299218CBB1E007CEAF1 /* DNDprofiler */;
			targetProxy = 22A812B2218CBB1F007CEAF1 /* PBXContainerItemProxy */;
		};
		22A812BE218CBB1F007CEAF1 /* PBXTargetDependency */ = {
			isa = PBXTargetDependency;
			target = 22A81299218CBB1E007CEAF1 /* DNDprofiler */;
			targetProxy = 22A812BD218CBB1F007CEAF1 /* PBXContainerItemProxy */;
		};
/* End PBXTargetDependency section */

/* Begin PBXVariantGroup section */
		22A812A1218CBB1E007CEAF1 /* Main.storyboard */ = {
			isa = PBXVariantGroup;
			children = (
				22A812A2218CBB1E007CEAF1 /* Base */,
			);
			name = Main.storyboard;
			sourceTree = "<group>";
		};
		22A812A9218CBB1F007CEAF1 /* LaunchScreen.storyboard */ = {
			isa = PBXVariantGroup;
			children = (
				22A812AA218CBB1F007CEAF1 /* Base */,
			);
			name = LaunchScreen.storyboard;
			sourceTree = "<group>";
		};
/* End PBXVariantGroup section */

/* Begin XCBuildConfiguration section */
		22A812C3218CBB1F007CEAF1 /* Debug */ = {
			isa = XCBuildConfiguration;
			buildSettings = {
				ALWAYS_SEARCH_USER_PATHS = NO;
				CLANG_ANALYZER_NONNULL = YES;
				CLANG_ANALYZER_NUMBER_OBJECT_CONVERSION = YES_AGGRESSIVE;
				CLANG_CXX_LANGUAGE_STANDARD = "gnu++14";
				CLANG_CXX_LIBRARY = "libc++";
				CLANG_ENABLE_MODULES = YES;
				CLANG_ENABLE_OBJC_ARC = YES;
				CLANG_ENABLE_OBJC_WEAK = YES;
				CLANG_WARN_BLOCK_CAPTURE_AUTORELEASING = YES;
				CLANG_WARN_BOOL_CONVERSION = YES;
				CLANG_WARN_COMMA = YES;
				CLANG_WARN_CONSTANT_CONVERSION = YES;
				CLANG_WARN_DEPRECATED_OBJC_IMPLEMENTATIONS = YES;
				CLANG_WARN_DIRECT_OBJC_ISA_USAGE = YES_ERROR;
				CLANG_WARN_DOCUMENTATION_COMMENTS = YES;
				CLANG_WARN_EMPTY_BODY = YES;
				CLANG_WARN_ENUM_CONVERSION = YES;
				CLANG_WARN_INFINITE_RECURSION = YES;
				CLANG_WARN_INT_CONVERSION = YES;
				CLANG_WARN_NON_LITERAL_NULL_CONVERSION = YES;
				CLANG_WARN_OBJC_IMPLICIT_RETAIN_SELF = YES;
				CLANG_WARN_OBJC_LITERAL_CONVERSION = YES;
				CLANG_WARN_OBJC_ROOT_CLASS = YES_ERROR;
				CLANG_WARN_RANGE_LOOP_ANALYSIS = YES;
				CLANG_WARN_STRICT_PROTOTYPES = YES;
				CLANG_WARN_SUSPICIOUS_MOVE = YES;
				CLANG_WARN_UNGUARDED_AVAILABILITY = YES_AGGRESSIVE;
				CLANG_WARN_UNREACHABLE_CODE = YES;
				CLANG_WARN__DUPLICATE_METHOD_MATCH = YES;
				CODE_SIGN_IDENTITY = "iPhone Developer";
				COPY_PHASE_STRIP = NO;
				DEBUG_INFORMATION_FORMAT = dwarf;
				ENABLE_STRICT_OBJC_MSGSEND = YES;
				ENABLE_TESTABILITY = YES;
				GCC_C_LANGUAGE_STANDARD = gnu11;
				GCC_DYNAMIC_NO_PIC = NO;
				GCC_NO_COMMON_BLOCKS = YES;
				GCC_OPTIMIZATION_LEVEL = 0;
				GCC_PREPROCESSOR_DEFINITIONS = (
					"DEBUG=1",
					"$(inherited)",
				);
				GCC_WARN_64_TO_32_BIT_CONVERSION = YES;
				GCC_WARN_ABOUT_RETURN_TYPE = YES_ERROR;
				GCC_WARN_UNDECLARED_SELECTOR = YES;
				GCC_WARN_UNINITIALIZED_AUTOS = YES_AGGRESSIVE;
				GCC_WARN_UNUSED_FUNCTION = YES;
				GCC_WARN_UNUSED_VARIABLE = YES;
				IPHONEOS_DEPLOYMENT_TARGET = 11.4;
				MTL_ENABLE_DEBUG_INFO = YES;
				ONLY_ACTIVE_ARCH = YES;
				SDKROOT = iphoneos;
				SWIFT_ACTIVE_COMPILATION_CONDITIONS = DEBUG;
				SWIFT_OPTIMIZATION_LEVEL = "-Onone";
			};
			name = Debug;
		};
		22A812C4218CBB1F007CEAF1 /* Release */ = {
			isa = XCBuildConfiguration;
			buildSettings = {
				ALWAYS_SEARCH_USER_PATHS = NO;
				CLANG_ANALYZER_NONNULL = YES;
				CLANG_ANALYZER_NUMBER_OBJECT_CONVERSION = YES_AGGRESSIVE;
				CLANG_CXX_LANGUAGE_STANDARD = "gnu++14";
				CLANG_CXX_LIBRARY = "libc++";
				CLANG_ENABLE_MODULES = YES;
				CLANG_ENABLE_OBJC_ARC = YES;
				CLANG_ENABLE_OBJC_WEAK = YES;
				CLANG_WARN_BLOCK_CAPTURE_AUTORELEASING = YES;
				CLANG_WARN_BOOL_CONVERSION = YES;
				CLANG_WARN_COMMA = YES;
				CLANG_WARN_CONSTANT_CONVERSION = YES;
				CLANG_WARN_DEPRECATED_OBJC_IMPLEMENTATIONS = YES;
				CLANG_WARN_DIRECT_OBJC_ISA_USAGE = YES_ERROR;
				CLANG_WARN_DOCUMENTATION_COMMENTS = YES;
				CLANG_WARN_EMPTY_BODY = YES;
				CLANG_WARN_ENUM_CONVERSION = YES;
				CLANG_WARN_INFINITE_RECURSION = YES;
				CLANG_WARN_INT_CONVERSION = YES;
				CLANG_WARN_NON_LITERAL_NULL_CONVERSION = YES;
				CLANG_WARN_OBJC_IMPLICIT_RETAIN_SELF = YES;
				CLANG_WARN_OBJC_LITERAL_CONVERSION = YES;
				CLANG_WARN_OBJC_ROOT_CLASS = YES_ERROR;
				CLANG_WARN_RANGE_LOOP_ANALYSIS = YES;
				CLANG_WARN_STRICT_PROTOTYPES = YES;
				CLANG_WARN_SUSPICIOUS_MOVE = YES;
				CLANG_WARN_UNGUARDED_AVAILABILITY = YES_AGGRESSIVE;
				CLANG_WARN_UNREACHABLE_CODE = YES;
				CLANG_WARN__DUPLICATE_METHOD_MATCH = YES;
				CODE_SIGN_IDENTITY = "iPhone Developer";
				COPY_PHASE_STRIP = NO;
				DEBUG_INFORMATION_FORMAT = "dwarf-with-dsym";
				ENABLE_NS_ASSERTIONS = NO;
				ENABLE_STRICT_OBJC_MSGSEND = YES;
				GCC_C_LANGUAGE_STANDARD = gnu11;
				GCC_NO_COMMON_BLOCKS = YES;
				GCC_WARN_64_TO_32_BIT_CONVERSION = YES;
				GCC_WARN_ABOUT_RETURN_TYPE = YES_ERROR;
				GCC_WARN_UNDECLARED_SELECTOR = YES;
				GCC_WARN_UNINITIALIZED_AUTOS = YES_AGGRESSIVE;
				GCC_WARN_UNUSED_FUNCTION = YES;
				GCC_WARN_UNUSED_VARIABLE = YES;
				IPHONEOS_DEPLOYMENT_TARGET = 11.4;
				MTL_ENABLE_DEBUG_INFO = NO;
				SDKROOT = iphoneos;
				SWIFT_COMPILATION_MODE = wholemodule;
				SWIFT_OPTIMIZATION_LEVEL = "-O";
				VALIDATE_PRODUCT = YES;
			};
			name = Release;
		};
		22A812C6218CBB1F007CEAF1 /* Debug */ = {
			isa = XCBuildConfiguration;
			buildSettings = {
				ASSETCATALOG_COMPILER_APPICON_NAME = AppIcon;
				CODE_SIGN_STYLE = Automatic;
				INFOPLIST_FILE = DNDprofiler/Info.plist;
				LD_RUNPATH_SEARCH_PATHS = (
					"$(inherited)",
					"@executable_path/Frameworks",
				);
				PRODUCT_BUNDLE_IDENTIFIER = spevy3.DNDprofiler;
				PRODUCT_NAME = "$(TARGET_NAME)";
				SWIFT_VERSION = 4.0;
				TARGETED_DEVICE_FAMILY = "1,2";
			};
			name = Debug;
		};
		22A812C7218CBB1F007CEAF1 /* Release */ = {
			isa = XCBuildConfiguration;
			buildSettings = {
				ASSETCATALOG_COMPILER_APPICON_NAME = AppIcon;
				CODE_SIGN_STYLE = Automatic;
				INFOPLIST_FILE = DNDprofiler/Info.plist;
				LD_RUNPATH_SEARCH_PATHS = (
					"$(inherited)",
					"@executable_path/Frameworks",
				);
				PRODUCT_BUNDLE_IDENTIFIER = spevy3.DNDprofiler;
				PRODUCT_NAME = "$(TARGET_NAME)";
				SWIFT_VERSION = 4.0;
				TARGETED_DEVICE_FAMILY = "1,2";
			};
			name = Release;
		};
		22A812C9218CBB1F007CEAF1 /* Debug */ = {
			isa = XCBuildConfiguration;
			buildSettings = {
				ALWAYS_EMBED_SWIFT_STANDARD_LIBRARIES = YES;
				BUNDLE_LOADER = "$(TEST_HOST)";
				CODE_SIGN_STYLE = Automatic;
				INFOPLIST_FILE = DNDprofilerTests/Info.plist;
				LD_RUNPATH_SEARCH_PATHS = (
					"$(inherited)",
					"@executable_path/Frameworks",
					"@loader_path/Frameworks",
				);
				PRODUCT_BUNDLE_IDENTIFIER = spevy3.DNDprofilerTests;
				PRODUCT_NAME = "$(TARGET_NAME)";
				SWIFT_VERSION = 4.0;
				TARGETED_DEVICE_FAMILY = "1,2";
				TEST_HOST = "$(BUILT_PRODUCTS_DIR)/DNDprofiler.app/DNDprofiler";
			};
			name = Debug;
		};
		22A812CA218CBB1F007CEAF1 /* Release */ = {
			isa = XCBuildConfiguration;
			buildSettings = {
				ALWAYS_EMBED_SWIFT_STANDARD_LIBRARIES = YES;
				BUNDLE_LOADER = "$(TEST_HOST)";
				CODE_SIGN_STYLE = Automatic;
				INFOPLIST_FILE = DNDprofilerTests/Info.plist;
				LD_RUNPATH_SEARCH_PATHS = (
					"$(inherited)",
					"@executable_path/Frameworks",
					"@loader_path/Frameworks",
				);
				PRODUCT_BUNDLE_IDENTIFIER = spevy3.DNDprofilerTests;
				PRODUCT_NAME = "$(TARGET_NAME)";
				SWIFT_VERSION = 4.0;
				TARGETED_DEVICE_FAMILY = "1,2";
				TEST_HOST = "$(BUILT_PRODUCTS_DIR)/DNDprofiler.app/DNDprofiler";
			};
			name = Release;
		};
		22A812CC218CBB1F007CEAF1 /* Debug */ = {
			isa = XCBuildConfiguration;
			buildSettings = {
				ALWAYS_EMBED_SWIFT_STANDARD_LIBRARIES = YES;
				CODE_SIGN_STYLE = Automatic;
				INFOPLIST_FILE = DNDprofilerUITests/Info.plist;
				LD_RUNPATH_SEARCH_PATHS = (
					"$(inherited)",
					"@executable_path/Frameworks",
					"@loader_path/Frameworks",
				);
				PRODUCT_BUNDLE_IDENTIFIER = spevy3.DNDprofilerUITests;
				PRODUCT_NAME = "$(TARGET_NAME)";
				SWIFT_VERSION = 4.0;
				TARGETED_DEVICE_FAMILY = "1,2";
				TEST_TARGET_NAME = DNDprofiler;
			};
			name = Debug;
		};
		22A812CD218CBB1F007CEAF1 /* Release */ = {
			isa = XCBuildConfiguration;
			buildSettings = {
				ALWAYS_EMBED_SWIFT_STANDARD_LIBRARIES = YES;
				CODE_SIGN_STYLE = Automatic;
				INFOPLIST_FILE = DNDprofilerUITests/Info.plist;
				LD_RUNPATH_SEARCH_PATHS = (
					"$(inherited)",
					"@executable_path/Frameworks",
					"@loader_path/Frameworks",
				);
				PRODUCT_BUNDLE_IDENTIFIER = spevy3.DNDprofilerUITests;
				PRODUCT_NAME = "$(TARGET_NAME)";
				SWIFT_VERSION = 4.0;
				TARGETED_DEVICE_FAMILY = "1,2";
				TEST_TARGET_NAME = DNDprofiler;
			};
			name = Release;
		};
/* End XCBuildConfiguration section */

/* Begin XCConfigurationList section */
		22A81295218CBB1E007CEAF1 /* Build configuration list for PBXProject "DNDprofiler" */ = {
			isa = XCConfigurationList;
			buildConfigurations = (
				22A812C3218CBB1F007CEAF1 /* Debug */,
				22A812C4218CBB1F007CEAF1 /* Release */,
			);
			defaultConfigurationIsVisible = 0;
			defaultConfigurationName = Release;
		};
		22A812C5218CBB1F007CEAF1 /* Build configuration list for PBXNativeTarget "DNDprofiler" */ = {
			isa = XCConfigurationList;
			buildConfigurations = (
				22A812C6218CBB1F007CEAF1 /* Debug */,
				22A812C7218CBB1F007CEAF1 /* Release */,
			);
			defaultConfigurationIsVisible = 0;
			defaultConfigurationName = Release;
		};
		22A812C8218CBB1F007CEAF1 /* Build configuration list for PBXNativeTarget "DNDprofilerTests" */ = {
			isa = XCConfigurationList;
			buildConfigurations = (
				22A812C9218CBB1F007CEAF1 /* Debug */,
				22A812CA218CBB1F007CEAF1 /* Release */,
			);
			defaultConfigurationIsVisible = 0;
			defaultConfigurationName = Release;
		};
		22A812CB218CBB1F007CEAF1 /* Build configuration list for PBXNativeTarget "DNDprofilerUITests" */ = {
			isa = XCConfigurationList;
			buildConfigurations = (
				22A812CC218CBB1F007CEAF1 /* Debug */,
				22A812CD218CBB1F007CEAF1 /* Release */,
			);
			defaultConfigurationIsVisible = 0;
			defaultConfigurationName = Release;
		};
/* End XCConfigurationList section */

/* Begin XCVersionGroup section */
		22A812A4218CBB1E007CEAF1 /* DNDprofiler.xcdatamodeld */ = {
			isa = XCVersionGroup;
			children = (
				22A812A5218CBB1E007CEAF1 /* DNDprofiler.xcdatamodel */,
			);
			currentVersion = 22A812A5218CBB1E007CEAF1 /* DNDprofiler.xcdatamodel */;
			path = DNDprofiler.xcdatamodeld;
			sourceTree = "<group>";
			versionGroupType = wrapper.xcdatamodel;
		};
/* End XCVersionGroup section */
	};
	rootObject = 22A81292218CBB1E007CEAF1 /* Project object */;
}
